# THIS IS AN AUTOGENERATED FILE. DO NOT EDIT THIS FILE DIRECTLY.
# yarn lockfile v1


"@vant/weapp@^1.2.0":
  version "1.2.0"
  resolved "https://registry.yarnpkg.com/@vant/weapp/-/weapp-1.2.0.tgz#ca8feaf4ce78dfd31f5d92d8c15b2770b89012bd"
  integrity sha512-HU+bL0OP5ERhKV189XMznBHIRcUn/FC+ga5xI7RKKg28z8mPuRU4M8wsDsyHsmA35xL70QPYhtIfB8bULvcSew==
